
Microsoft Visual Studio Solution File, Format Version 12.00
# Visual Studio Version 16
VisualStudioVersion = 16.0.31112.23
MinimumVisualStudioVersion = 10.0.40219.1
Project("{FAE04EC0-301F-11D3-BF4B-00C04F79EFBC}") = "AppModelo.Web", "AppModelo.Web\AppModelo.Web.csproj", "{D286667F-1A05-46D1-A9C5-B5265FE18042}"
EndProject
Project("{FAE04EC0-301F-11D3-BF4B-00C04F79EFBC}") = "AppModelo.Services", "AppModelo.Services\AppModelo.Services.csproj", "{2B1E2D9C-E489-44F5-936C-6565D81E5927}"
EndProject
Global
	GlobalSection(SolutionConfigurationPlatforms) = preSolution
		Debug|Any CPU = Debug|Any CPU
		Release|Any CPU = Release|Any CPU
	EndGlobalSection
	GlobalSection(ProjectConfigurationPlatforms) = postSolution
		{D286667F-1A05-46D1-A9C5-B5265FE18042}.Debug|Any CPU.ActiveCfg = Debug|Any CPU
		{D286667F-1A05-46D1-A9C5-B5265FE18042}.Debug|Any CPU.Build.0 = Debug|Any CPU
		{D286667F-1A05-46D1-A9C5-B5265FE18042}.Release|Any CPU.ActiveCfg = Release|Any CPU
		{D286667F-1A05-46D1-A9C5-B5265FE18042}.Release|Any CPU.Build.0 = Release|Any CPU
		{2B1E2D9C-E489-44F5-936C-6565D81E5927}.Debug|Any CPU.ActiveCfg = Debug|Any CPU
		{2B1E2D9C-E489-44F5-936C-6565D81E5927}.Debug|Any CPU.Build.0 = Debug|Any CPU
		{2B1E2D9C-E489-44F5-936C-6565D81E5927}.Release|Any CPU.ActiveCfg = Release|Any CPU
		{2B1E2D9C-E489-44F5-936C-6565D81E5927}.Release|Any CPU.Build.0 = Release|Any CPU
	EndGlobalSection
	GlobalSection(SolutionProperties) = preSolution
		HideSolutionNode = FALSE
	EndGlobalSection
	GlobalSection(ExtensibilityGlobals) = postSolution
		SolutionGuid = {AA9CE469-4DD1-41B8-8695-372CE1EDFDAB}
	EndGlobalSection
EndGlobal
